// !$*UTF8*$!
{
	archiveVersion = 1;
	classes = {
	};
	objectVersion = 46;
	objects = {

/* Begin PBXBuildFile section */
		5785CACC1B1D14F100541731 /* AppDelegate.m in Sources */ = {isa = PBXBuildFile; fileRef = 5785CACB1B1D14F100541731 /* AppDelegate.m */; };
		5785CACE1B1D14F100541731 /* main.m in Sources */ = {isa = PBXBuildFile; fileRef = 5785CACD1B1D14F100541731 /* main.m */; };
		5785CAD01B1D14F100541731 /* Images.xcassets in Resources */ = {isa = PBXBuildFile; fileRef = 5785CACF1B1D14F100541731 /* Images.xcassets */; };
		5785CAD31B1D14F100541731 /* MainMenu.xib in Resources */ = {isa = PBXBuildFile; fileRef = 5785CAD11B1D14F100541731 /* MainMenu.xib */; };
		5785CADF1B1D14F100541731 /* PSUDemoTests.m in Sources */ = {isa = PBXBuildFile; fileRef = 5785CADE1B1D14F100541731 /* PSUDemoTests.m */; };
/* End PBXBuildFile section */

/* Begin PBXContainerItemProxy section */
		5785CAD91B1D14F100541731 /* PBXContainerItemProxy */ = {
			isa = PBXContainerItemProxy;
			containerPortal = 5785CABD1B1D14F100541731 /* Project object */;
			proxyType = 1;
			remoteGlobalIDString = 5785CAC41B1D14F100541731;
			remoteInfo = PSUDemo;
		};
/* End PBXContainerItemProxy section */

/* Begin PBXFileReference section */
		5785CAC51B1D14F100541731 /* PSUDemo.app */ = {isa = PBXFileReference; explicitFileType = wrapper.application; includeInIndex = 0; path = PSUDemo.app; sourceTree = BUILT_PRODUCTS_DIR; };
		5785CAC91B1D14F100541731 /* Info.plist */ = {isa = PBXFileReference; lastKnownFileType = text.plist.xml; path = Info.plist; sourceTree = "<group>"; };
		5785CACA1B1D14F100541731 /* AppDelegate.h */ = {isa = PBXFileReference; lastKnownFileType = sourcecode.c.h; path = AppDelegate.h; sourceTree = "<group>"; };
		5785CACB1B1D14F100541731 /* AppDelegate.m */ = {isa = PBXFileReference; lastKnownFileType = sourcecode.c.objc; path = AppDelegate.m; sourceTree = "<group>"; };
		5785CACD1B1D14F100541731 /* main.m */ = {isa = PBXFileReference; lastKnownFileType = sourcecode.c.objc; path = main.m; sourceTree = "<group>"; };
		5785CACF1B1D14F100541731 /* Images.xcassets */ = {isa = PBXFileReference; lastKnownFileType = folder.assetcatalog; path = Images.xcassets; sourceTree = "<group>"; };
		5785CAD21B1D14F100541731 /* Base */ = {isa = PBXFileReference; lastKnownFileType = file.xib; name = Base; path = Base.lproj/MainMenu.xib; sourceTree = "<group>"; };
		5785CAD81B1D14F100541731 /* PSUDemoTests.xctest */ = {isa = PBXFileReference; explicitFileType = wrapper.cfbundle; includeInIndex = 0; path = PSUDemoTests.xctest; sourceTree = BUILT_PRODUCTS_DIR; };
		5785CADD1B1D14F100541731 /* Info.plist */ = {isa = PBXFileReference; lastKnownFileType = text.plist.xml; path = Info.plist; sourceTree = "<group>"; };
		5785CADE1B1D14F100541731 /* PSUDemoTests.m */ = {isa = PBXFileReference; lastKnownFileType = sourcecode.c.objc; path = PSUDemoTests.m; sourceTree = "<group>"; };
/* End PBXFileReference section */

/* Begin PBXFrameworksBuildPhase section */
		5785CAC21B1D14F100541731 /* Frameworks */ = {
			isa = PBXFrameworksBuildPhase;
			buildActionMask = 2147483647;
			files = (
			);
			runOnlyForDeploymentPostprocessing = 0;
		};
		5785CAD51B1D14F100541731 /* Frameworks */ = {
			isa = PBXFrameworksBuildPhase;
			buildActionMask = 2147483647;
			files = (
			);
			runOnlyForDeploymentPostprocessing = 0;
		};
/* End PBXFrameworksBuildPhase section */

/* Begin PBXGroup section */
		5785CABC1B1D14F100541731 = {
			isa = PBXGroup;
			children = (
				5785CAC71B1D14F100541731 /* PSUDemo */,
				5785CADB1B1D14F100541731 /* PSUDemoTests */,
				5785CAC61B1D14F100541731 /* Products */,
			);
			sourceTree = "<group>";
		};
		5785CAC61B1D14F100541731 /* Products */ = {
			isa = PBXGroup;
			children = (
				5785CAC51B1D14F100541731 /* PSUDemo.app */,
				5785CAD81B1D14F100541731 /* PSUDemoTests.xctest */,
			);
			name = Products;
			sourceTree = "<group>";
		};
		5785CAC71B1D14F100541731 /* PSUDemo */ = {
			isa = PBXGroup;
			children = (
				5785CACA1B1D14F100541731 /* AppDelegate.h */,
				5785CACB1B1D14F100541731 /* AppDelegate.m */,
				5785CACF1B1D14F100541731 /* Images.xcassets */,
				5785CAD11B1D14F100541731 /* MainMenu.xib */,
				5785CAC81B1D14F100541731 /* Supporting Files */,
			);
			path = PSUDemo;
			sourceTree = "<group>";
		};
		5785CAC81B1D14F100541731 /* Supporting Files */ = {
			isa = PBXGroup;
			children = (
				5785CAC91B1D14F100541731 /* Info.plist */,
				5785CACD1B1D14F100541731 /* main.m */,
			);
			name = "Supporting Files";
			sourceTree = "<group>";
		};
		5785CADB1B1D14F100541731 /* PSUDemoTests */ = {
			isa = PBXGroup;
			children = (
				5785CADE1B1D14F100541731 /* PSUDemoTests.m */,
				5785CADC1B1D14F100541731 /* Supporting Files */,
			);
			path = PSUDemoTests;
			sourceTree = "<group>";
		};
		5785CADC1B1D14F100541731 /* Supporting Files */ = {
			isa = PBXGroup;
			children = (
				5785CADD1B1D14F100541731 /* Info.plist */,
			);
			name = "Supporting Files";
			sourceTree = "<group>";
		};
/* End PBXGroup section */

/* Begin PBXNativeTarget section */
		5785CAC41B1D14F100541731 /* PSUDemo */ = {
			isa = PBXNativeTarget;
			buildConfigurationList = 5785CAE21B1D14F100541731 /* Build configuration list for PBXNativeTarget "PSUDemo" */;
			buildPhases = (
				5785CAC11B1D14F100541731 /* Sources */,
				5785CAC21B1D14F100541731 /* Frameworks */,
				5785CAC31B1D14F100541731 /* Resources */,
			);
			buildRules = (
			);
			dependencies = (
			);
			name = PSUDemo;
			productName = PSUDemo;
			productReference = 5785CAC51B1D14F100541731 /* PSUDemo.app */;
			productType = "com.apple.product-type.application";
		};
		5785CAD71B1D14F100541731 /* PSUDemoTests */ = {
			isa = PBXNativeTarget;
			buildConfigurationList = 5785CAE51B1D14F100541731 /* Build configuration list for PBXNativeTarget "PSUDemoTests" */;
			buildPhases = (
				5785CAD41B1D14F100541731 /* Sources */,
				5785CAD51B1D14F100541731 /* Frameworks */,
				5785CAD61B1D14F100541731 /* Resources */,
			);
			buildRules = (
			);
			dependencies = (
				5785CADA1B1D14F100541731 /* PBXTargetDependency */,
			);
			name = PSUDemoTests;
			productName = PSUDemoTests;
			productReference = 5785CAD81B1D14F100541731 /* PSUDemoTests.xctest */;
			productType = "com.apple.product-type.bundle.unit-test";
		};
/* End PBXNativeTarget section */

/* Begin PBXProject section */
		5785CABD1B1D14F100541731 /* Project object */ = {
			isa = PBXProject;
			attributes = {
				LastUpgradeCheck = 0630;
				ORGANIZATIONNAME = "James Barclay";
				TargetAttributes = {
					5785CAC41B1D14F100541731 = {
						CreatedOnToolsVersion = 6.3.2;
					};
					5785CAD71B1D14F100541731 = {
						CreatedOnToolsVersion = 6.3.2;
						TestTargetID = 5785CAC41B1D14F100541731;
					};
				};
			};
			buildConfigurationList = 5785CAC01B1D14F100541731 /* Build configuration list for PBXProject "PSUDemo" */;
			compatibilityVersion = "Xcode 3.2";
			developmentRegion = English;
			hasScannedForEncodings = 0;
			knownRegions = (
				en,
				Base,
			);
			mainGroup = 5785CABC1B1D14F100541731;
			productRefGroup = 5785CAC61B1D14F100541731 /* Products */;
			projectDirPath = "";
			projectRoot = "";
			targets = (
				5785CAC41B1D14F100541731 /* PSUDemo */,
				5785CAD71B1D14F100541731 /* PSUDemoTests */,
			);
		};
/* End PBXProject section */

/* Begin PBXResourcesBuildPhase section */
		5785CAC31B1D14F100541731 /* Resources */ = {
			isa = PBXResourcesBuildPhase;
			buildActionMask = 2147483647;
			files = (
				5785CAD01B1D14F100541731 /* Images.xcassets in Resources */,
				5785CAD31B1D14F100541731 /* MainMenu.xib in Resources */,
			);
			runOnlyForDeploymentPostprocessing = 0;
		};
		5785CAD61B1D14F100541731 /* Resources */ = {
			isa = PBXResourcesBuildPhase;
			buildActionMask = 2147483647;
			files = (
			);
			runOnlyForDeploymentPostprocessing = 0;
		};
/* End PBXResourcesBuildPhase section */

/* Begin PBXSourcesBuildPhase section */
		5785CAC11B1D14F100541731 /* Sources */ = {
			isa = PBXSourcesBuildPhase;
			buildActionMask = 2147483647;
			files = (
				5785CACE1B1D14F100541731 /* main.m in Sources */,
				5785CACC1B1D14F100541731 /* AppDelegate.m in Sources */,
			);
			runOnlyForDeploymentPostprocessing = 0;
		};
		5785CAD41B1D14F100541731 /* Sources */ = {
			isa = PBXSourcesBuildPhase;
			buildActionMask = 2147483647;
			files = (
				5785CADF1B1D14F100541731 /* PSUDemoTests.m in Sources */,
			);
			runOnlyForDeploymentPostprocessing = 0;
		};
/* End PBXSourcesBuildPhase section */

/* Begin PBXTargetDependency section */
		5785CADA1B1D14F100541731 /* PBXTargetDependency */ = {
			isa = PBXTargetDependency;
			target = 5785CAC41B1D14F100541731 /* PSUDemo */;
			targetProxy = 5785CAD91B1D14F100541731 /* PBXContainerItemProxy */;
		};
/* End PBXTargetDependency section */

/* Begin PBXVariantGroup section */
		5785CAD11B1D14F100541731 /* MainMenu.xib */ = {
			isa = PBXVariantGroup;
			children = (
				5785CAD21B1D14F100541731 /* Base */,
			);
			name = MainMenu.xib;
			sourceTree = "<group>";
		};
/* End PBXVariantGroup section */

/* Begin XCBuildConfiguration section */
		5785CAE01B1D14F100541731 /* Debug */ = {
			isa = XCBuildConfiguration;
			buildSettings = {
				ALWAYS_SEARCH_USER_PATHS = NO;
				CLANG_CXX_LANGUAGE_STANDARD = "gnu++0x";
				CLANG_CXX_LIBRARY = "libc++";
				CLANG_ENABLE_MODULES = YES;
				CLANG_ENABLE_OBJC_ARC = YES;
				CLANG_WARN_BOOL_CONVERSION = YES;
				CLANG_WARN_CONSTANT_CONVERSION = YES;
				CLANG_WARN_DIRECT_OBJC_ISA_USAGE = YES_ERROR;
				CLANG_WARN_EMPTY_BODY = YES;
				CLANG_WARN_ENUM_CONVERSION = YES;
				CLANG_WARN_INT_CONVERSION = YES;
				CLANG_WARN_OBJC_ROOT_CLASS = YES_ERROR;
				CLANG_WARN_UNREACHABLE_CODE = YES;
				CLANG_WARN__DUPLICATE_METHOD_MATCH = YES;
				CODE_SIGN_IDENTITY = "-";
				COPY_PHASE_STRIP = NO;
				DEBUG_INFORMATION_FORMAT = dwarf;
				ENABLE_STRICT_OBJC_MSGSEND = YES;
				GCC_C_LANGUAGE_STANDARD = gnu99;
				GCC_DYNAMIC_NO_PIC = NO;
				GCC_NO_COMMON_BLOCKS = YES;
				GCC_OPTIMIZATION_LEVEL = 0;
				GCC_PREPROCESSOR_DEFINITIONS = (
					"DEBUG=1",
					"$(inherited)",
				);
				GCC_SYMBOLS_PRIVATE_EXTERN = NO;
				GCC_WARN_64_TO_32_BIT_CONVERSION = YES;
				GCC_WARN_ABOUT_RETURN_TYPE = YES_ERROR;
				GCC_WARN_UNDECLARED_SELECTOR = YES;
				GCC_WARN_UNINITIALIZED_AUTOS = YES_AGGRESSIVE;
				GCC_WARN_UNUSED_FUNCTION = YES;
				GCC_WARN_UNUSED_VARIABLE = YES;
				MACOSX_DEPLOYMENT_TARGET = 10.10;
				MTL_ENABLE_DEBUG_INFO = YES;
				ONLY_ACTIVE_ARCH = YES;
				SDKROOT = macosx;
			};
			name = Debug;
		};
		5785CAE11B1D14F100541731 /* Release */ = {
			isa = XCBuildConfiguration;
			buildSettings = {
				ALWAYS_SEARCH_USER_PATHS = NO;
				CLANG_CXX_LANGUAGE_STANDARD = "gnu++0x";
				CLANG_CXX_LIBRARY = "libc++";
				CLANG_ENABLE_MODULES = YES;
				CLANG_ENABLE_OBJC_ARC = YES;
				CLANG_WARN_BOOL_CONVERSION = YES;
				CLANG_WARN_CONSTANT_CONVERSION = YES;
				CLANG_WARN_DIRECT_OBJC_ISA_USAGE = YES_ERROR;
				CLANG_WARN_EMPTY_BODY = YES;
				CLANG_WARN_ENUM_CONVERSION = YES;
				CLANG_WARN_INT_CONVERSION = YES;
				CLANG_WARN_OBJC_ROOT_CLASS = YES_ERROR;
				CLANG_WARN_UNREACHABLE_CODE = YES;
				CLANG_WARN__DUPLICATE_METHOD_MATCH = YES;
				CODE_SIGN_IDENTITY = "-";
				COPY_PHASE_STRIP = NO;
				DEBUG_INFORMATION_FORMAT = "dwarf-with-dsym";
				ENABLE_NS_ASSERTIONS = NO;
				ENABLE_STRICT_OBJC_MSGSEND = YES;
				GCC_C_LANGUAGE_STANDARD = gnu99;
				GCC_NO_COMMON_BLOCKS = YES;
				GCC_WARN_64_TO_32_BIT_CONVERSION = YES;
				GCC_WARN_ABOUT_RETURN_TYPE = YES_ERROR;
				GCC_WARN_UNDECLARED_SELECTOR = YES;
				GCC_WARN_UNINITIALIZED_AUTOS = YES_AGGRESSIVE;
				GCC_WARN_UNUSED_FUNCTION = YES;
				GCC_WARN_UNUSED_VARIABLE = YES;
				MACOSX_DEPLOYMENT_TARGET = 10.10;
				MTL_ENABLE_DEBUG_INFO = NO;
				SDKROOT = macosx;
			};
			name = Release;
		};
		5785CAE31B1D14F100541731 /* Debug */ = {
			isa = XCBuildConfiguration;
			buildSettings = {
				ASSETCATALOG_COMPILER_APPICON_NAME = AppIcon;
				COMBINE_HIDPI_IMAGES = YES;
				INFOPLIST_FILE = PSUDemo/Info.plist;
				LD_RUNPATH_SEARCH_PATHS = "$(inherited) @executable_path/../Frameworks";
				PRODUCT_NAME = "$(TARGET_NAME)";
			};
			name = Debug;
		};
		5785CAE41B1D14F100541731 /* Release */ = {
			isa = XCBuildConfiguration;
			buildSettings = {
				ASSETCATALOG_COMPILER_APPICON_NAME = AppIcon;
				COMBINE_HIDPI_IMAGES = YES;
				INFOPLIST_FILE = PSUDemo/Info.plist;
				LD_RUNPATH_SEARCH_PATHS = "$(inherited) @executable_path/../Frameworks";
				PRODUCT_NAME = "$(TARGET_NAME)";
			};
			name = Release;
		};
		5785CAE61B1D14F100541731 /* Debug */ = {
			isa = XCBuildConfiguration;
			buildSettings = {
				BUNDLE_LOADER = "$(TEST_HOST)";
				COMBINE_HIDPI_IMAGES = YES;
				FRAMEWORK_SEARCH_PATHS = (
					"$(DEVELOPER_FRAMEWORKS_DIR)",
					"$(inherited)",
				);
				GCC_PREPROCESSOR_DEFINITIONS = (
					"DEBUG=1",
					"$(inherited)",
				);
				INFOPLIST_FILE = PSUDemoTests/Info.plist;
				LD_RUNPATH_SEARCH_PATHS = "$(inherited) @executable_path/../Frameworks @loader_path/../Frameworks";
				PRODUCT_NAME = "$(TARGET_NAME)";
				TEST_HOST = "$(BUILT_PRODUCTS_DIR)/PSUDemo.app/Contents/MacOS/PSUDemo";
			};
			name = Debug;
		};
		5785CAE71B1D14F100541731 /* Release */ = {
			isa = XCBuildConfiguration;
			buildSettings = {
				BUNDLE_LOADER = "$(TEST_HOST)";
				COMBINE_HIDPI_IMAGES = YES;
				FRAMEWORK_SEARCH_PATHS = (
					"$(DEVELOPER_FRAMEWORKS_DIR)",
					"$(inherited)",
				);
				INFOPLIST_FILE = PSUDemoTests/Info.plist;
				LD_RUNPATH_SEARCH_PATHS = "$(inherited) @executable_path/../Frameworks @loader_path/../Frameworks";
				PRODUCT_NAME = "$(TARGET_NAME)";
				TEST_HOST = "$(BUILT_PRODUCTS_DIR)/PSUDemo.app/Contents/MacOS/PSUDemo";
			};
			name = Release;
		};
/* End XCBuildConfiguration section */

/* Begin XCConfigurationList section */
		5785CAC01B1D14F100541731 /* Build configuration list for PBXProject "PSUDemo" */ = {
			isa = XCConfigurationList;
			buildConfigurations = (
				5785CAE01B1D14F100541731 /* Debug */,
				5785CAE11B1D14F100541731 /* Release */,
			);
			defaultConfigurationIsVisible = 0;
			defaultConfigurationName = Release;
		};
		5785CAE21B1D14F100541731 /* Build configuration list for PBXNativeTarget "PSUDemo" */ = {
			isa = XCConfigurationList;
			buildConfigurations = (
				5785CAE31B1D14F100541731 /* Debug */,
				5785CAE41B1D14F100541731 /* Release */,
			);
			defaultConfigurationIsVisible = 0;
		};
		5785CAE51B1D14F100541731 /* Build configuration list for PBXNativeTarget "PSUDemoTests" */ = {
			isa = XCConfigurationList;
			buildConfigurations = (
				5785CAE61B1D14F100541731 /* Debug */,
				5785CAE71B1D14F100541731 /* Release */,
			);
			defaultConfigurationIsVisible = 0;
		};
/* End XCConfigurationList section */
	};
	rootObject = 5785CABD1B1D14F100541731 /* Project object */;
}
